
Microsoft Visual Studio Solution File, Format Version 12.00
# Visual Studio Version 16
VisualStudioVersion = 16.0.30717.126
MinimumVisualStudioVersion = 10.0.40219.1
Project("{FAE04EC0-301F-11D3-BF4B-00C04F79EFBC}") = "Movies", "Movies\Movies.csproj", "{EBD52A45-071D-4FAE-8C41-EE98A5834795}"
EndProject
Global
	GlobalSection(SolutionConfigurationPlatforms) = preSolution
		Debug|Any CPU = Debug|Any CPU
		Release|Any CPU = Release|Any CPU
	EndGlobalSection
	GlobalSection(ProjectConfigurationPlatforms) = postSolution
		{EBD52A45-071D-4FAE-8C41-EE98A5834795}.Debug|Any CPU.ActiveCfg = Debug|Any CPU
		{EBD52A45-071D-4FAE-8C41-EE98A5834795}.Debug|Any CPU.Build.0 = Debug|Any CPU
		{EBD52A45-071D-4FAE-8C41-EE98A5834795}.Debug|Any CPU.Deploy.0 = Debug|Any CPU
		{EBD52A45-071D-4FAE-8C41-EE98A5834795}.Release|Any CPU.ActiveCfg = Release|Any CPU
		{EBD52A45-071D-4FAE-8C41-EE98A5834795}.Release|Any CPU.Build.0 = Release|Any CPU
		{EBD52A45-071D-4FAE-8C41-EE98A5834795}.Release|Any CPU.Deploy.0 = Release|Any CPU
	EndGlobalSection
	GlobalSection(SolutionProperties) = preSolution
		HideSolutionNode = FALSE
	EndGlobalSection
	GlobalSection(ExtensibilityGlobals) = postSolution
		SolutionGuid = {E6C6442A-8792-4EDA-82D9-629AAFE1E55A}
	EndGlobalSection
EndGlobal
